
Microsoft Visual Studio Solution File, Format Version 12.00
# Visual Studio Version 17
VisualStudioVersion = 17.9.34622.214
MinimumVisualStudioVersion = 10.0.40219.1
Project("{9A19103F-16F7-4668-BE54-9A1E7A4F7556}") = "API", "API.csproj", "{08E279B3-1758-4413-B0A2-AD82AF97184F}"
EndProject
Project("{9A19103F-16F7-4668-BE54-9A1E7A4F7556}") = "AppLogic", "..\AppLogic\AppLogic.csproj", "{C87E10E6-9A57-47F4-B108-9FC7B942D437}"
EndProject
Project("{9A19103F-16F7-4668-BE54-9A1E7A4F7556}") = "DataAccess", "..\DataAccess\DataAccess.csproj", "{A504AF39-9F62-4318-A99D-76B825B1C0E6}"
EndProject
Project("{9A19103F-16F7-4668-BE54-9A1E7A4F7556}") = "WEB-UI", "..\WEB-UI\WEB-UI.csproj", "{8CA80EF3-5E21-45BF-83EF-19E816EC2BB8}"
EndProject
Project("{FAE04EC0-301F-11D3-BF4B-00C04F79EFBC}") = "DTO", "..\DTO\DTO.csproj", "{78215E0B-666E-4EBE-AAE0-7B4564AD7CBC}"
EndProject
Global
	GlobalSection(SolutionConfigurationPlatforms) = preSolution
		Debug|Any CPU = Debug|Any CPU
		Release|Any CPU = Release|Any CPU
	EndGlobalSection
	GlobalSection(ProjectConfigurationPlatforms) = postSolution
		{08E279B3-1758-4413-B0A2-AD82AF97184F}.Debug|Any CPU.ActiveCfg = Debug|Any CPU
		{08E279B3-1758-4413-B0A2-AD82AF97184F}.Debug|Any CPU.Build.0 = Debug|Any CPU
		{08E279B3-1758-4413-B0A2-AD82AF97184F}.Release|Any CPU.ActiveCfg = Release|Any CPU
		{08E279B3-1758-4413-B0A2-AD82AF97184F}.Release|Any CPU.Build.0 = Release|Any CPU
		{C87E10E6-9A57-47F4-B108-9FC7B942D437}.Debug|Any CPU.ActiveCfg = Debug|Any CPU
		{C87E10E6-9A57-47F4-B108-9FC7B942D437}.Debug|Any CPU.Build.0 = Debug|Any CPU
		{C87E10E6-9A57-47F4-B108-9FC7B942D437}.Release|Any CPU.ActiveCfg = Release|Any CPU
		{C87E10E6-9A57-47F4-B108-9FC7B942D437}.Release|Any CPU.Build.0 = Release|Any CPU
		{A504AF39-9F62-4318-A99D-76B825B1C0E6}.Debug|Any CPU.ActiveCfg = Debug|Any CPU
		{A504AF39-9F62-4318-A99D-76B825B1C0E6}.Debug|Any CPU.Build.0 = Debug|Any CPU
		{A504AF39-9F62-4318-A99D-76B825B1C0E6}.Release|Any CPU.ActiveCfg = Release|Any CPU
		{A504AF39-9F62-4318-A99D-76B825B1C0E6}.Release|Any CPU.Build.0 = Release|Any CPU
		{8CA80EF3-5E21-45BF-83EF-19E816EC2BB8}.Debug|Any CPU.ActiveCfg = Debug|Any CPU
		{8CA80EF3-5E21-45BF-83EF-19E816EC2BB8}.Debug|Any CPU.Build.0 = Debug|Any CPU
		{8CA80EF3-5E21-45BF-83EF-19E816EC2BB8}.Release|Any CPU.ActiveCfg = Release|Any CPU
		{8CA80EF3-5E21-45BF-83EF-19E816EC2BB8}.Release|Any CPU.Build.0 = Release|Any CPU
		{78215E0B-666E-4EBE-AAE0-7B4564AD7CBC}.Debug|Any CPU.ActiveCfg = Debug|Any CPU
		{78215E0B-666E-4EBE-AAE0-7B4564AD7CBC}.Debug|Any CPU.Build.0 = Debug|Any CPU
		{78215E0B-666E-4EBE-AAE0-7B4564AD7CBC}.Release|Any CPU.ActiveCfg = Release|Any CPU
		{78215E0B-666E-4EBE-AAE0-7B4564AD7CBC}.Release|Any CPU.Build.0 = Release|Any CPU
	EndGlobalSection
	GlobalSection(SolutionProperties) = preSolution
		HideSolutionNode = FALSE
	EndGlobalSection
	GlobalSection(ExtensibilityGlobals) = postSolution
		SolutionGuid = {950DADF7-5CEE-46A1-951B-EBC9C4559C5F}
	EndGlobalSection
EndGlobal
